// !$*UTF8*$!
{
	archiveVersion = 1;
	classes = {
	};
	objectVersion = 77;
	objects = {

/* Begin PBXBuildFile section */
		01E0A28C224E7B027FF43876 /* Cloud.swift in Sources */ = {isa = PBXBuildFile; fileRef = F58FCDD317DCE4C3F8181526 /* Cloud.swift */; };
		052439094B3F36CF156D14A1 /* House.swift in Sources */ = {isa = PBXBuildFile; fileRef = 0931645A127E5C8DFC720589 /* House.swift */; };
		1AFBB0F2AE927BF31349E700 /* StatsView.swift in Sources */ = {isa = PBXBuildFile; fileRef = D89B234044050006AE979177 /* StatsView.swift */; };
		1D3878BCCA2CC86BC5EFB507 /* Assets.xcassets in Resources */ = {isa = PBXBuildFile; fileRef = C5CCA8FB4425669D725FC11F /* Assets.xcassets */; };
		28A08F8F33AA2B1AF007A682 /* Budget.swift in Sources */ = {isa = PBXBuildFile; fileRef = 0ED480E454B97B65E2A4153C /* Budget.swift */; };
		40405BB47395FF979965CD24 /* PayApp.swift in Sources */ = {isa = PBXBuildFile; fileRef = 5EC9417995E09D8907ED785B /* PayApp.swift */; };
		5C9CBDAF09D70C62F35EA027 /* EntryView.swift in Sources */ = {isa = PBXBuildFile; fileRef = 9C5F00314D0B8638AAA8CF56 /* EntryView.swift */; };
		79B85BA7716448436AB6F746 /* Model.swift in Sources */ = {isa = PBXBuildFile; fileRef = ED087675452679C35387B98C /* Model.swift */; };
		91C3E24BBC0387D5264FA56D /* PayWidget.swift in Sources */ = {isa = PBXBuildFile; fileRef = C52368CCF0CD05A29F53F06A /* PayWidget.swift */; };
		9942361BF449F8B3AFC2798A /* SettingsView.swift in Sources */ = {isa = PBXBuildFile; fileRef = E141264B0193BD7C93AC85D7 /* SettingsView.swift */; };
		9BD4CFD673FB37D16FE17DC1 /* ScannerView.swift in Sources */ = {isa = PBXBuildFile; fileRef = 8EF9094D5EFBC6086034E3A2 /* ScannerView.swift */; };
		A545C30BDF4D6CF5519EA278 /* Budget.swift in Sources */ = {isa = PBXBuildFile; fileRef = 0ED480E454B97B65E2A4153C /* Budget.swift */; };
		ABAF7C9D3EFFBE9F9E02D294 /* VoiceEntryView.swift in Sources */ = {isa = PBXBuildFile; fileRef = 7B5CA4F555B1A7AA850B8C6F /* VoiceEntryView.swift */; };
		ACA5747DA4A0AE572D34F222 /* QuickAction.swift in Sources */ = {isa = PBXBuildFile; fileRef = 44363C52BE264A2C9A5D3E8D /* QuickAction.swift */; };
		AE1526A32B9A892E36FFC96F /* PayWidget.appex in Embed Foundation Extensions */ = {isa = PBXBuildFile; fileRef = DA4B5C6B3F3A1E13827F11A9 /* PayWidget.appex */; settings = {ATTRIBUTES = (RemoveHeadersOnCopy, ); }; };
		AE24570C6B434FB73A74E915 /* QuickParse.swift in Sources */ = {isa = PBXBuildFile; fileRef = 1A44344E8096362017AC591B /* QuickParse.swift */; };
		B7BB8FBA27616CC043B35EEC /* HomeView.swift in Sources */ = {isa = PBXBuildFile; fileRef = 51EF92CAF2B8D1285DD35EE0 /* HomeView.swift */; };
		BCCC32A2A03A84C57664153D /* BankData.swift in Sources */ = {isa = PBXBuildFile; fileRef = 670B9C247A53BD43509CC680 /* BankData.swift */; };
		DE8ACBD25F257AE1FDA5E3F2 /* HistoryView.swift in Sources */ = {isa = PBXBuildFile; fileRef = 5CA7538B886B5157A6125740 /* HistoryView.swift */; };
		E14979FF90B5058C781A6727 /* Category.swift in Sources */ = {isa = PBXBuildFile; fileRef = 12AB5AFA5A99EE9F7A62F93F /* Category.swift */; };
		E1C3818D189576DA486E6398 /* Summary.swift in Sources */ = {isa = PBXBuildFile; fileRef = F129DFA9AABEFF1CFB450789 /* Summary.swift */; };
		E1C4BAAEA60CC5544DE0C0EF /* VietQR.swift in Sources */ = {isa = PBXBuildFile; fileRef = 6710F63C94C742F268FE2D19 /* VietQR.swift */; };
		F2B4ED2467012050BDC7E090 /* QuickAction.swift in Sources */ = {isa = PBXBuildFile; fileRef = 44363C52BE264A2C9A5D3E8D /* QuickAction.swift */; };
		F46263D2A70AF19D5FC69B3A /* HouseView.swift in Sources */ = {isa = PBXBuildFile; fileRef = 5B9A02E66795259132018E66 /* HouseView.swift */; };
		FF57A27DDE16FAD031AE7639 /* Summary.swift in Sources */ = {isa = PBXBuildFile; fileRef = F129DFA9AABEFF1CFB450789 /* Summary.swift */; };
/* End PBXBuildFile section */

/* Begin PBXContainerItemProxy section */
		3C9EA293471A37A99D75AF74 /* PBXContainerItemProxy */ = {
			isa = PBXContainerItemProxy;
			containerPortal = 33CA1C0D6A6C41A4D6ECA0A4 /* Project object */;
			proxyType = 1;
			remoteGlobalIDString = 10BFFAA6DC5CE3486132ECCF;
			remoteInfo = PayWidget;
		};
/* End PBXContainerItemProxy section */

/* Begin PBXCopyFilesBuildPhase section */
		511F884838A4BEC10B7F3976 /* Embed Foundation Extensions */ = {
			isa = PBXCopyFilesBuildPhase;
			buildActionMask = 2147483647;
			dstPath = "";
			dstSubfolderSpec = 13;
			files = (
				AE1526A32B9A892E36FFC96F /* PayWidget.appex in Embed Foundation Extensions */,
			);
			name = "Embed Foundation Extensions";
			runOnlyForDeploymentPostprocessing = 0;
		};
/* End PBXCopyFilesBuildPhase section */

/* Begin PBXFileReference section */
		0931645A127E5C8DFC720589 /* House.swift */ = {isa = PBXFileReference; lastKnownFileType = sourcecode.swift; path = House.swift; sourceTree = "<group>"; };
		0ED480E454B97B65E2A4153C /* Budget.swift */ = {isa = PBXFileReference; lastKnownFileType = sourcecode.swift; path = Budget.swift; sourceTree = "<group>"; };
		12AB5AFA5A99EE9F7A62F93F /* Category.swift */ = {isa = PBXFileReference; lastKnownFileType = sourcecode.swift; path = Category.swift; sourceTree = "<group>"; };
		1A44344E8096362017AC591B /* QuickParse.swift */ = {isa = PBXFileReference; lastKnownFileType = sourcecode.swift; path = QuickParse.swift; sourceTree = "<group>"; };
		323469640D98E325EFD569FA /* Info.plist */ = {isa = PBXFileReference; lastKnownFileType = text.plist; path = Info.plist; sourceTree = "<group>"; };
		44363C52BE264A2C9A5D3E8D /* QuickAction.swift */ = {isa = PBXFileReference; lastKnownFileType = sourcecode.swift; path = QuickAction.swift; sourceTree = "<group>"; };
		51EF92CAF2B8D1285DD35EE0 /* HomeView.swift */ = {isa = PBXFileReference; lastKnownFileType = sourcecode.swift; path = HomeView.swift; sourceTree = "<group>"; };
		5B9A02E66795259132018E66 /* HouseView.swift */ = {isa = PBXFileReference; lastKnownFileType = sourcecode.swift; path = HouseView.swift; sourceTree = "<group>"; };
		5CA7538B886B5157A6125740 /* HistoryView.swift */ = {isa = PBXFileReference; lastKnownFileType = sourcecode.swift; path = HistoryView.swift; sourceTree = "<group>"; };
		5EC9417995E09D8907ED785B /* PayApp.swift */ = {isa = PBXFileReference; lastKnownFileType = sourcecode.swift; path = PayApp.swift; sourceTree = "<group>"; };
		670B9C247A53BD43509CC680 /* BankData.swift */ = {isa = PBXFileReference; lastKnownFileType = sourcecode.swift; path = BankData.swift; sourceTree = "<group>"; };
		6710F63C94C742F268FE2D19 /* VietQR.swift */ = {isa = PBXFileReference; lastKnownFileType = sourcecode.swift; path = VietQR.swift; sourceTree = "<group>"; };
		7B5CA4F555B1A7AA850B8C6F /* VoiceEntryView.swift */ = {isa = PBXFileReference; lastKnownFileType = sourcecode.swift; path = VoiceEntryView.swift; sourceTree = "<group>"; };
		8EF9094D5EFBC6086034E3A2 /* ScannerView.swift */ = {isa = PBXFileReference; lastKnownFileType = sourcecode.swift; path = ScannerView.swift; sourceTree = "<group>"; };
		92009F79708552562ABFB7E1 /* Info.plist */ = {isa = PBXFileReference; lastKnownFileType = text.plist; path = Info.plist; sourceTree = "<group>"; };
		9C5F00314D0B8638AAA8CF56 /* EntryView.swift */ = {isa = PBXFileReference; lastKnownFileType = sourcecode.swift; path = EntryView.swift; sourceTree = "<group>"; };
		A2852463900AD9FAE95133FC /* Pay.app */ = {isa = PBXFileReference; includeInIndex = 0; lastKnownFileType = wrapper.application; path = Pay.app; sourceTree = BUILT_PRODUCTS_DIR; };
		C495C9B5ABDB2E162467B1A8 /* PayWidget.entitlements */ = {isa = PBXFileReference; lastKnownFileType = text.plist.entitlements; path = PayWidget.entitlements; sourceTree = "<group>"; };
		C52368CCF0CD05A29F53F06A /* PayWidget.swift */ = {isa = PBXFileReference; lastKnownFileType = sourcecode.swift; path = PayWidget.swift; sourceTree = "<group>"; };
		C5CCA8FB4425669D725FC11F /* Assets.xcassets */ = {isa = PBXFileReference; lastKnownFileType = folder.assetcatalog; path = Assets.xcassets; sourceTree = "<group>"; };
		D89B234044050006AE979177 /* StatsView.swift */ = {isa = PBXFileReference; lastKnownFileType = sourcecode.swift; path = StatsView.swift; sourceTree = "<group>"; };
		DA4B5C6B3F3A1E13827F11A9 /* PayWidget.appex */ = {isa = PBXFileReference; includeInIndex = 0; lastKnownFileType = "wrapper.app-extension"; path = PayWidget.appex; sourceTree = BUILT_PRODUCTS_DIR; };
		E141264B0193BD7C93AC85D7 /* SettingsView.swift */ = {isa = PBXFileReference; lastKnownFileType = sourcecode.swift; path = SettingsView.swift; sourceTree = "<group>"; };
		ED087675452679C35387B98C /* Model.swift */ = {isa = PBXFileReference; lastKnownFileType = sourcecode.swift; path = Model.swift; sourceTree = "<group>"; };
		F129DFA9AABEFF1CFB450789 /* Summary.swift */ = {isa = PBXFileReference; lastKnownFileType = sourcecode.swift; path = Summary.swift; sourceTree = "<group>"; };
		F58FCDD317DCE4C3F8181526 /* Cloud.swift */ = {isa = PBXFileReference; lastKnownFileType = sourcecode.swift; path = Cloud.swift; sourceTree = "<group>"; };
		FB2C448D9BD583AC4EC95DEC /* Pay.entitlements */ = {isa = PBXFileReference; lastKnownFileType = text.plist.entitlements; path = Pay.entitlements; sourceTree = "<group>"; };
/* End PBXFileReference section */

/* Begin PBXGroup section */
		6273C088F9EFFD1209B844BC /* Pay */ = {
			isa = PBXGroup;
			children = (
				C5CCA8FB4425669D725FC11F /* Assets.xcassets */,
				670B9C247A53BD43509CC680 /* BankData.swift */,
				12AB5AFA5A99EE9F7A62F93F /* Category.swift */,
				F58FCDD317DCE4C3F8181526 /* Cloud.swift */,
				9C5F00314D0B8638AAA8CF56 /* EntryView.swift */,
				5CA7538B886B5157A6125740 /* HistoryView.swift */,
				51EF92CAF2B8D1285DD35EE0 /* HomeView.swift */,
				0931645A127E5C8DFC720589 /* House.swift */,
				5B9A02E66795259132018E66 /* HouseView.swift */,
				323469640D98E325EFD569FA /* Info.plist */,
				ED087675452679C35387B98C /* Model.swift */,
				FB2C448D9BD583AC4EC95DEC /* Pay.entitlements */,
				5EC9417995E09D8907ED785B /* PayApp.swift */,
				1A44344E8096362017AC591B /* QuickParse.swift */,
				8EF9094D5EFBC6086034E3A2 /* ScannerView.swift */,
				E141264B0193BD7C93AC85D7 /* SettingsView.swift */,
				D89B234044050006AE979177 /* StatsView.swift */,
				6710F63C94C742F268FE2D19 /* VietQR.swift */,
				7B5CA4F555B1A7AA850B8C6F /* VoiceEntryView.swift */,
			);
			path = Pay;
			sourceTree = "<group>";
		};
		648ECE2AB299457721D211CC /* PayWidget */ = {
			isa = PBXGroup;
			children = (
				92009F79708552562ABFB7E1 /* Info.plist */,
				C495C9B5ABDB2E162467B1A8 /* PayWidget.entitlements */,
				C52368CCF0CD05A29F53F06A /* PayWidget.swift */,
			);
			path = PayWidget;
			sourceTree = "<group>";
		};
		77435D60E22E2FBAF952E75B /* Shared */ = {
			isa = PBXGroup;
			children = (
				0ED480E454B97B65E2A4153C /* Budget.swift */,
				44363C52BE264A2C9A5D3E8D /* QuickAction.swift */,
				F129DFA9AABEFF1CFB450789 /* Summary.swift */,
			);
			path = Shared;
			sourceTree = "<group>";
		};
		95EBBDF8B51EEB8DB25D4D95 /* Products */ = {
			isa = PBXGroup;
			children = (
				A2852463900AD9FAE95133FC /* Pay.app */,
				DA4B5C6B3F3A1E13827F11A9 /* PayWidget.appex */,
			);
			name = Products;
			sourceTree = "<group>";
		};
		F6AC3809C2A5670DC75ED1E2 = {
			isa = PBXGroup;
			children = (
				6273C088F9EFFD1209B844BC /* Pay */,
				648ECE2AB299457721D211CC /* PayWidget */,
				77435D60E22E2FBAF952E75B /* Shared */,
				95EBBDF8B51EEB8DB25D4D95 /* Products */,
			);
			sourceTree = "<group>";
		};
/* End PBXGroup section */

/* Begin PBXNativeTarget section */
		10BFFAA6DC5CE3486132ECCF /* PayWidget */ = {
			isa = PBXNativeTarget;
			buildConfigurationList = 926CF30251108794B8DAF98B /* Build configuration list for PBXNativeTarget "PayWidget" */;
			buildPhases = (
				D911E628FE0736A44371C2B4 /* Sources */,
			);
			buildRules = (
			);
			dependencies = (
			);
			name = PayWidget;
			packageProductDependencies = (
			);
			productName = PayWidget;
			productReference = DA4B5C6B3F3A1E13827F11A9 /* PayWidget.appex */;
			productType = "com.apple.product-type.app-extension";
		};
		2CA39577F5A44AC9D635F905 /* Pay */ = {
			isa = PBXNativeTarget;
			buildConfigurationList = C1AECFCB2B33822D855086D6 /* Build configuration list for PBXNativeTarget "Pay" */;
			buildPhases = (
				D2FB734B5A6745C47CBFE423 /* Sources */,
				63E2D2EF45CDBEBB2641E828 /* Resources */,
				511F884838A4BEC10B7F3976 /* Embed Foundation Extensions */,
			);
			buildRules = (
			);
			dependencies = (
				5D50976AC31BC7F855286339 /* PBXTargetDependency */,
			);
			name = Pay;
			packageProductDependencies = (
			);
			productName = Pay;
			productReference = A2852463900AD9FAE95133FC /* Pay.app */;
			productType = "com.apple.product-type.application";
		};
/* End PBXNativeTarget section */

/* Begin PBXProject section */
		33CA1C0D6A6C41A4D6ECA0A4 /* Project object */ = {
			isa = PBXProject;
			attributes = {
				BuildIndependentTargetsInParallel = YES;
				LastUpgradeCheck = 1430;
				TargetAttributes = {
					10BFFAA6DC5CE3486132ECCF = {
						DevelopmentTeam = U5DGWB7A5X;
						ProvisioningStyle = Automatic;
						SystemCapabilities = "[\"com.apple.ApplicationGroups.iOS\": [\"enabled\": 1]]";
					};
					2CA39577F5A44AC9D635F905 = {
						DevelopmentTeam = U5DGWB7A5X;
						ProvisioningStyle = Automatic;
						SystemCapabilities = "[\"com.apple.ApplicationGroups.iOS\": [\"enabled\": 1], \"com.apple.iCloud\": [\"enabled\": 1]]";
					};
				};
			};
			buildConfigurationList = D1EA65333801FE2058F57936 /* Build configuration list for PBXProject "Pay" */;
			developmentRegion = en;
			hasScannedForEncodings = 0;
			knownRegions = (
				Base,
				en,
			);
			mainGroup = F6AC3809C2A5670DC75ED1E2;
			minimizedProjectReferenceProxies = 1;
			preferredProjectObjectVersion = 77;
			productRefGroup = 95EBBDF8B51EEB8DB25D4D95 /* Products */;
			projectDirPath = "";
			projectRoot = "";
			targets = (
				2CA39577F5A44AC9D635F905 /* Pay */,
				10BFFAA6DC5CE3486132ECCF /* PayWidget */,
			);
		};
/* End PBXProject section */

/* Begin PBXResourcesBuildPhase section */
		63E2D2EF45CDBEBB2641E828 /* Resources */ = {
			isa = PBXResourcesBuildPhase;
			buildActionMask = 2147483647;
			files = (
				1D3878BCCA2CC86BC5EFB507 /* Assets.xcassets in Resources */,
			);
			runOnlyForDeploymentPostprocessing = 0;
		};
/* End PBXResourcesBuildPhase section */

/* Begin PBXSourcesBuildPhase section */
		D2FB734B5A6745C47CBFE423 /* Sources */ = {
			isa = PBXSourcesBuildPhase;
			buildActionMask = 2147483647;
			files = (
				BCCC32A2A03A84C57664153D /* BankData.swift in Sources */,
				A545C30BDF4D6CF5519EA278 /* Budget.swift in Sources */,
				E14979FF90B5058C781A6727 /* Category.swift in Sources */,
				01E0A28C224E7B027FF43876 /* Cloud.swift in Sources */,
				5C9CBDAF09D70C62F35EA027 /* EntryView.swift in Sources */,
				DE8ACBD25F257AE1FDA5E3F2 /* HistoryView.swift in Sources */,
				B7BB8FBA27616CC043B35EEC /* HomeView.swift in Sources */,
				052439094B3F36CF156D14A1 /* House.swift in Sources */,
				F46263D2A70AF19D5FC69B3A /* HouseView.swift in Sources */,
				79B85BA7716448436AB6F746 /* Model.swift in Sources */,
				40405BB47395FF979965CD24 /* PayApp.swift in Sources */,
				F2B4ED2467012050BDC7E090 /* QuickAction.swift in Sources */,
				AE24570C6B434FB73A74E915 /* QuickParse.swift in Sources */,
				9BD4CFD673FB37D16FE17DC1 /* ScannerView.swift in Sources */,
				9942361BF449F8B3AFC2798A /* SettingsView.swift in Sources */,
				1AFBB0F2AE927BF31349E700 /* StatsView.swift in Sources */,
				E1C3818D189576DA486E6398 /* Summary.swift in Sources */,
				E1C4BAAEA60CC5544DE0C0EF /* VietQR.swift in Sources */,
				ABAF7C9D3EFFBE9F9E02D294 /* VoiceEntryView.swift in Sources */,
			);
			runOnlyForDeploymentPostprocessing = 0;
		};
		D911E628FE0736A44371C2B4 /* Sources */ = {
			isa = PBXSourcesBuildPhase;
			buildActionMask = 2147483647;
			files = (
				28A08F8F33AA2B1AF007A682 /* Budget.swift in Sources */,
				91C3E24BBC0387D5264FA56D /* PayWidget.swift in Sources */,
				ACA5747DA4A0AE572D34F222 /* QuickAction.swift in Sources */,
				FF57A27DDE16FAD031AE7639 /* Summary.swift in Sources */,
			);
			runOnlyForDeploymentPostprocessing = 0;
		};
/* End PBXSourcesBuildPhase section */

/* Begin PBXTargetDependency section */
		5D50976AC31BC7F855286339 /* PBXTargetDependency */ = {
			isa = PBXTargetDependency;
			target = 10BFFAA6DC5CE3486132ECCF /* PayWidget */;
			targetProxy = 3C9EA293471A37A99D75AF74 /* PBXContainerItemProxy */;
		};
/* End PBXTargetDependency section */

/* Begin XCBuildConfiguration section */
		35C87F2B4FD56DE13067E915 /* Debug */ = {
			isa = XCBuildConfiguration;
			buildSettings = {
				ALWAYS_SEARCH_USER_PATHS = NO;
				CLANG_ANALYZER_NONNULL = YES;
				CLANG_ANALYZER_NUMBER_OBJECT_CONVERSION = YES_AGGRESSIVE;
				CLANG_CXX_LANGUAGE_STANDARD = "gnu++14";
				CLANG_CXX_LIBRARY = "libc++";
				CLANG_ENABLE_MODULES = YES;
				CLANG_ENABLE_OBJC_ARC = YES;
				CLANG_ENABLE_OBJC_WEAK = YES;
				CLANG_WARN_BLOCK_CAPTURE_AUTORELEASING = YES;
				CLANG_WARN_BOOL_CONVERSION = YES;
				CLANG_WARN_COMMA = YES;
				CLANG_WARN_CONSTANT_CONVERSION = YES;
				CLANG_WARN_DEPRECATED_OBJC_IMPLEMENTATIONS = YES;
				CLANG_WARN_DIRECT_OBJC_ISA_USAGE = YES_ERROR;
				CLANG_WARN_DOCUMENTATION_COMMENTS = YES;
				CLANG_WARN_EMPTY_BODY = YES;
				CLANG_WARN_ENUM_CONVERSION = YES;
				CLANG_WARN_INFINITE_RECURSION = YES;
				CLANG_WARN_INT_CONVERSION = YES;
				CLANG_WARN_NON_LITERAL_NULL_CONVERSION = YES;
				CLANG_WARN_OBJC_IMPLICIT_RETAIN_SELF = YES;
				CLANG_WARN_OBJC_LITERAL_CONVERSION = YES;
				CLANG_WARN_OBJC_ROOT_CLASS = YES_ERROR;
				CLANG_WARN_QUOTED_INCLUDE_IN_FRAMEWORK_HEADER = YES;
				CLANG_WARN_RANGE_LOOP_ANALYSIS = YES;
				CLANG_WARN_STRICT_PROTOTYPES = YES;
				CLANG_WARN_SUSPICIOUS_MOVE = YES;
				CLANG_WARN_UNGUARDED_AVAILABILITY = YES_AGGRESSIVE;
				CLANG_WARN_UNREACHABLE_CODE = YES;
				CLANG_WARN__DUPLICATE_METHOD_MATCH = YES;
				COPY_PHASE_STRIP = NO;
				DEBUG_INFORMATION_FORMAT = dwarf;
				DEVELOPMENT_TEAM = U5DGWB7A5X;
				ENABLE_STRICT_OBJC_MSGSEND = YES;
				ENABLE_TESTABILITY = YES;
				GCC_C_LANGUAGE_STANDARD = gnu11;
				GCC_DYNAMIC_NO_PIC = NO;
				GCC_NO_COMMON_BLOCKS = YES;
				GCC_OPTIMIZATION_LEVEL = 0;
				GCC_PREPROCESSOR_DEFINITIONS = (
					"$(inherited)",
					"DEBUG=1",
				);
				GCC_WARN_64_TO_32_BIT_CONVERSION = YES;
				GCC_WARN_ABOUT_RETURN_TYPE = YES_ERROR;
				GCC_WARN_UNDECLARED_SELECTOR = YES;
				GCC_WARN_UNINITIALIZED_AUTOS = YES_AGGRESSIVE;
				GCC_WARN_UNUSED_FUNCTION = YES;
				GCC_WARN_UNUSED_VARIABLE = YES;
				IPHONEOS_DEPLOYMENT_TARGET = 17.0;
				MTL_ENABLE_DEBUG_INFO = INCLUDE_SOURCE;
				MTL_FAST_MATH = YES;
				ONLY_ACTIVE_ARCH = YES;
				PRODUCT_NAME = "$(TARGET_NAME)";
				SDKROOT = iphoneos;
				SWIFT_ACTIVE_COMPILATION_CONDITIONS = DEBUG;
				SWIFT_OPTIMIZATION_LEVEL = "-Onone";
				SWIFT_VERSION = 5.0;
			};
			name = Debug;
		};
		5C01AC52E6617E4D7514164E /* Release */ = {
			isa = XCBuildConfiguration;
			buildSettings = {
				ALWAYS_SEARCH_USER_PATHS = NO;
				CLANG_ANALYZER_NONNULL = YES;
				CLANG_ANALYZER_NUMBER_OBJECT_CONVERSION = YES_AGGRESSIVE;
				CLANG_CXX_LANGUAGE_STANDARD = "gnu++14";
				CLANG_CXX_LIBRARY = "libc++";
				CLANG_ENABLE_MODULES = YES;
				CLANG_ENABLE_OBJC_ARC = YES;
				CLANG_ENABLE_OBJC_WEAK = YES;
				CLANG_WARN_BLOCK_CAPTURE_AUTORELEASING = YES;
				CLANG_WARN_BOOL_CONVERSION = YES;
				CLANG_WARN_COMMA = YES;
				CLANG_WARN_CONSTANT_CONVERSION = YES;
				CLANG_WARN_DEPRECATED_OBJC_IMPLEMENTATIONS = YES;
				CLANG_WARN_DIRECT_OBJC_ISA_USAGE = YES_ERROR;
				CLANG_WARN_DOCUMENTATION_COMMENTS = YES;
				CLANG_WARN_EMPTY_BODY = YES;
				CLANG_WARN_ENUM_CONVERSION = YES;
				CLANG_WARN_INFINITE_RECURSION = YES;
				CLANG_WARN_INT_CONVERSION = YES;
				CLANG_WARN_NON_LITERAL_NULL_CONVERSION = YES;
				CLANG_WARN_OBJC_IMPLICIT_RETAIN_SELF = YES;
				CLANG_WARN_OBJC_LITERAL_CONVERSION = YES;
				CLANG_WARN_OBJC_ROOT_CLASS = YES_ERROR;
				CLANG_WARN_QUOTED_INCLUDE_IN_FRAMEWORK_HEADER = YES;
				CLANG_WARN_RANGE_LOOP_ANALYSIS = YES;
				CLANG_WARN_STRICT_PROTOTYPES = YES;
				CLANG_WARN_SUSPICIOUS_MOVE = YES;
				CLANG_WARN_UNGUARDED_AVAILABILITY = YES_AGGRESSIVE;
				CLANG_WARN_UNREACHABLE_CODE = YES;
				CLANG_WARN__DUPLICATE_METHOD_MATCH = YES;
				COPY_PHASE_STRIP = NO;
				DEBUG_INFORMATION_FORMAT = "dwarf-with-dsym";
				DEVELOPMENT_TEAM = U5DGWB7A5X;
				ENABLE_NS_ASSERTIONS = NO;
				ENABLE_STRICT_OBJC_MSGSEND = YES;
				GCC_C_LANGUAGE_STANDARD = gnu11;
				GCC_NO_COMMON_BLOCKS = YES;
				GCC_WARN_64_TO_32_BIT_CONVERSION = YES;
				GCC_WARN_ABOUT_RETURN_TYPE = YES_ERROR;
				GCC_WARN_UNDECLARED_SELECTOR = YES;
				GCC_WARN_UNINITIALIZED_AUTOS = YES_AGGRESSIVE;
				GCC_WARN_UNUSED_FUNCTION = YES;
				GCC_WARN_UNUSED_VARIABLE = YES;
				IPHONEOS_DEPLOYMENT_TARGET = 17.0;
				MTL_ENABLE_DEBUG_INFO = NO;
				MTL_FAST_MATH = YES;
				PRODUCT_NAME = "$(TARGET_NAME)";
				SDKROOT = iphoneos;
				SWIFT_COMPILATION_MODE = wholemodule;
				SWIFT_OPTIMIZATION_LEVEL = "-O";
				SWIFT_VERSION = 5.0;
			};
			name = Release;
		};
		763501D89885438651F02145 /* Debug */ = {
			isa = XCBuildConfiguration;
			buildSettings = {
				CODE_SIGN_ENTITLEMENTS = PayWidget/PayWidget.entitlements;
				CODE_SIGN_STYLE = Automatic;
				CURRENT_PROJECT_VERSION = 1;
				INFOPLIST_FILE = PayWidget/Info.plist;
				LD_RUNPATH_SEARCH_PATHS = (
					"$(inherited)",
					"@executable_path/Frameworks",
					"@executable_path/../../Frameworks",
				);
				MARKETING_VERSION = 1.0;
				PRODUCT_BUNDLE_IDENTIFIER = com.hnaht95.sochipay.widget;
				PRODUCT_NAME = PayWidget;
				SDKROOT = iphoneos;
				TARGETED_DEVICE_FAMILY = 1;
			};
			name = Debug;
		};
		B847E2848213FEF03F36F96E /* Release */ = {
			isa = XCBuildConfiguration;
			buildSettings = {
				ASSETCATALOG_COMPILER_APPICON_NAME = AppIcon;
				CODE_SIGN_ENTITLEMENTS = Pay/Pay.entitlements;
				CODE_SIGN_IDENTITY = "iPhone Developer";
				CODE_SIGN_STYLE = Automatic;
				CURRENT_PROJECT_VERSION = 1;
				ENABLE_PREVIEWS = YES;
				INFOPLIST_FILE = Pay/Info.plist;
				LD_RUNPATH_SEARCH_PATHS = (
					"$(inherited)",
					"@executable_path/Frameworks",
				);
				MARKETING_VERSION = 1.0;
				PRODUCT_BUNDLE_IDENTIFIER = com.hnaht95.sochipay;
				PRODUCT_NAME = Pay;
				SDKROOT = iphoneos;
				TARGETED_DEVICE_FAMILY = 1;
			};
			name = Release;
		};
		C5163DDBE7FD5038BD35FAF5 /* Debug */ = {
			isa = XCBuildConfiguration;
			buildSettings = {
				ASSETCATALOG_COMPILER_APPICON_NAME = AppIcon;
				CODE_SIGN_ENTITLEMENTS = Pay/Pay.entitlements;
				CODE_SIGN_IDENTITY = "iPhone Developer";
				CODE_SIGN_STYLE = Automatic;
				CURRENT_PROJECT_VERSION = 1;
				ENABLE_PREVIEWS = YES;
				INFOPLIST_FILE = Pay/Info.plist;
				LD_RUNPATH_SEARCH_PATHS = (
					"$(inherited)",
					"@executable_path/Frameworks",
				);
				MARKETING_VERSION = 1.0;
				PRODUCT_BUNDLE_IDENTIFIER = com.hnaht95.sochipay;
				PRODUCT_NAME = Pay;
				SDKROOT = iphoneos;
				TARGETED_DEVICE_FAMILY = 1;
			};
			name = Debug;
		};
		E8FA42D529DBE04E5A36C954 /* Release */ = {
			isa = XCBuildConfiguration;
			buildSettings = {
				CODE_SIGN_ENTITLEMENTS = PayWidget/PayWidget.entitlements;
				CODE_SIGN_STYLE = Automatic;
				CURRENT_PROJECT_VERSION = 1;
				INFOPLIST_FILE = PayWidget/Info.plist;
				LD_RUNPATH_SEARCH_PATHS = (
					"$(inherited)",
					"@executable_path/Frameworks",
					"@executable_path/../../Frameworks",
				);
				MARKETING_VERSION = 1.0;
				PRODUCT_BUNDLE_IDENTIFIER = com.hnaht95.sochipay.widget;
				PRODUCT_NAME = PayWidget;
				SDKROOT = iphoneos;
				TARGETED_DEVICE_FAMILY = 1;
			};
			name = Release;
		};
/* End XCBuildConfiguration section */

/* Begin XCConfigurationList section */
		926CF30251108794B8DAF98B /* Build configuration list for PBXNativeTarget "PayWidget" */ = {
			isa = XCConfigurationList;
			buildConfigurations = (
				763501D89885438651F02145 /* Debug */,
				E8FA42D529DBE04E5A36C954 /* Release */,
			);
			defaultConfigurationIsVisible = 0;
			defaultConfigurationName = Debug;
		};
		C1AECFCB2B33822D855086D6 /* Build configuration list for PBXNativeTarget "Pay" */ = {
			isa = XCConfigurationList;
			buildConfigurations = (
				C5163DDBE7FD5038BD35FAF5 /* Debug */,
				B847E2848213FEF03F36F96E /* Release */,
			);
			defaultConfigurationIsVisible = 0;
			defaultConfigurationName = Debug;
		};
		D1EA65333801FE2058F57936 /* Build configuration list for PBXProject "Pay" */ = {
			isa = XCConfigurationList;
			buildConfigurations = (
				35C87F2B4FD56DE13067E915 /* Debug */,
				5C01AC52E6617E4D7514164E /* Release */,
			);
			defaultConfigurationIsVisible = 0;
			defaultConfigurationName = Debug;
		};
/* End XCConfigurationList section */
	};
	rootObject = 33CA1C0D6A6C41A4D6ECA0A4 /* Project object */;
}
